version = 1
revision = 3
requires-python = ">=3.12"

[[package]]
name = "cython"
version = "3.2.0"
source = { registry = "https://pypi.org/simple" }
sdist = { url = "https://files.pythonhosted.org/packages/52/82/01f0b63287cb922e5ba96c5147c30f1e51f541ce91bd178025bb3518b1ba/cython-3.2.0.tar.gz", hash = "sha256:41fdce8237baee2d961c292ed0386903dfe126f131e450a62de0fd7a5280d4b2", size = 3267264, upload-time = "2025-11-05T13:35:04.231Z" }
wheels = [
    { url = "https://files.pythonhosted.org/packages/57/d3/2e6f5f2552c860bb9c00653d092103521846114f6a2ae0648ecf84c0816c/cython-3.2.0-cp312-cp312-macosx_11_0_arm64.whl", hash = "sha256:511d823d9f8a1b850178ec355d6df0a1731b9c20b08ee6d1a780f68215e9013f", size = 2959932, upload-time = "2025-11-05T13:35:37.518Z" },
    { url = "https://files.pythonhosted.org/packages/dd/bf/7bdc7f231fff6780f78586f939c1740475adecaa03bf256fcb62b2353952/cython-3.2.0-cp312-cp312-manylinux2014_aarch64.manylinux_2_17_aarch64.manylinux_2_28_aarch64.whl", hash = "sha256:bbadeedcb2d135655bcce7380fb28c9e2a75b6810426c12b6e5a6fe6106fafb4", size = 3218588, upload-time = "2025-11-05T13:35:39.642Z" },
    { url = "https://files.pythonhosted.org/packages/be/81/7d7a81010897dc5abee59691f5fc85849dcc4c8a7687b22ed01bc8d86a7a/cython-3.2.0-cp312-cp312-manylinux2014_x86_64.manylinux_2_17_x86_64.manylinux_2_28_x86_64.whl", hash = "sha256:92d2394a3e3fe704210b5324eb8118333b514af72c98b1e02a6503945825b231", size = 3381940, upload-time = "2025-11-05T13:35:41.886Z" },
    { url = "https://files.pythonhosted.org/packages/4f/9d/35e7fb7b591bd9912685a772fcc773d7bb951a8feb6fb9be20addbc38928/cython-3.2.0-cp312-cp312-win_amd64.whl", hash = "sha256:73435e56654a34ece57d4c3304a4556a8402cc4ae2d0e30f71c237a985dc5246", size = 2750886, upload-time = "2025-11-05T13:35:43.629Z" },
    { url = "https://files.pythonhosted.org/packages/5d/d0/dc4b260e8fde81b23ab4dca56948b3e69617ef470247ec6a3e09370a9849/cython-3.2.0-cp313-cp313-macosx_11_0_arm64.whl", hash = "sha256:d900e58e826f9a5a27b0e2b50e33473e9986a5bae375c39b0f2e19f2c545fa23", size = 2950437, upload-time = "2025-11-05T13:35:45.427Z" },
    { url = "https://files.pythonhosted.org/packages/c8/53/c322bf0486a938ad954a645866b67e978777d79183cf0a042bda6bea11de/cython-3.2.0-cp313-cp313-manylinux2014_aarch64.manylinux_2_17_aarch64.manylinux_2_28_aarch64.whl", hash = "sha256:a9d38cd3aab720d21fa6d6ee168228352f69aea0a95bd4fb84e8879c6ed38fbb", size = 3209331, upload-time = "2025-11-05T13:35:47.278Z" },
    { url = "https://files.pythonhosted.org/packages/cd/48/55d02dba0606768d3450afd088e2bbcd6f8a54977dce041c2c3c1894631c/cython-3.2.0-cp313-cp313-manylinux2014_x86_64.manylinux_2_17_x86_64.manylinux_2_28_x86_64.whl", hash = "sha256:92b31d0b7b0a49b3d2aa94faaf75d44a03174cff2616b341a8853c919e511d51", size = 3370974, upload-time = "2025-11-05T13:35:49.534Z" },
    { url = "https://files.pythonhosted.org/packages/ce/bd/6dab19652b68464572b7a137d07a91ebe86db2a81c35842ff5e49ef23403/cython-3.2.0-cp313-cp313-win_amd64.whl", hash = "sha256:2847b74e76dbad612f6fc7182c12a5f78cffb0d05808fd2c4b638cf02d1aade6", size = 2746274, upload-time = "2025-11-05T13:35:51.522Z" },
    { url = "https://files.pythonhosted.org/packages/e2/db/de5331ca6489da1761078825709257e1f24e543b4040f86a2502a4b841f9/cython-3.2.0-cp314-cp314-macosx_11_0_arm64.whl", hash = "sha256:a0a8274959d538d12f865193dcd67bb5630906e020190c890d2b7c13d31713c6", size = 2961164, upload-time = "2025-11-05T13:35:53.826Z" },
    { url = "https://files.pythonhosted.org/packages/54/3e/64e37e419331f7c4c540ad25c0b3e6d8f44d597f21ab8861afbc66aa7e02/cython-3.2.0-cp314-cp314-manylinux2014_aarch64.manylinux_2_17_aarch64.manylinux_2_28_aarch64.whl", hash = "sha256:0a1c800833c25195833805c7c3626a2c30b3baaaa9ba361a1af3bbc379662a8d", size = 3249627, upload-time = "2025-11-05T13:35:55.524Z" },
    { url = "https://files.pythonhosted.org/packages/9b/fc/9faedfcc2de807f77115d97a4910c260dd4693f4fa9e0e3be0d9ae89e260/cython-3.2.0-cp314-cp314-manylinux2014_x86_64.manylinux_2_17_x86_64.manylinux_2_28_x86_64.whl", hash = "sha256:df15af08c21c18a2e848df5954d6fd3310735089b60405132fa4111e2cf7482a", size = 3375458, upload-time = "2025-11-05T13:35:57.279Z" },
    { url = "https://files.pythonhosted.org/packages/31/e0/30d449cd97ee0d6395aba18f2646b61b52ab3dc5a3851a346e2d363a7d85/cython-3.2.0-cp314-cp314-win_amd64.whl", hash = "sha256:9d6876af2132757fff1b42a2f4eaa72482f991863160e3f0dc8f2c812b300ebf", size = 2783210, upload-time = "2025-11-05T13:35:59.54Z" },
    { url = "https://files.pythonhosted.org/packages/dd/6b/9e1e171fe19274465d84dffa4610d46f434b1ae945e946802db396695d67/cython-3.2.0-cp39-abi3-macosx_10_9_x86_64.whl", hash = "sha256:04821ce06598a3aa5c9e0270d98960cfe6556dedbd1418c65e4479162b8ae74a", size = 2869249, upload-time = "2025-11-05T13:36:08.944Z" },
    { url = "https://files.pythonhosted.org/packages/c4/f1/f461726f664668a96072b2a245bdfae566d68e2eb1393ec72780cc59c21e/cython-3.2.0-cp39-abi3-manylinux1_i686.manylinux_2_28_i686.manylinux_2_5_i686.whl", hash = "sha256:54b5b1c72a63da822b3f4739a0e31546c0a19f8e834b174906bf817ed5f9d65f", size = 3204332, upload-time = "2025-11-05T13:36:11.386Z" },
    { url = "https://files.pythonhosted.org/packages/78/d8/73c07ce64cae496e5f5a6dfe3e53574af1a8ef777e2a834d10dae8b67a4e/cython-3.2.0-cp39-abi3-manylinux2014_armv7l.manylinux_2_17_armv7l.manylinux_2_31_armv7l.whl", hash = "sha256:6155a6c360e32af1aaa16fa10b0119b49deeadff42a1958973324150870af1b5", size = 2851317, upload-time = "2025-11-05T13:36:13.14Z" },
    { url = "https://files.pythonhosted.org/packages/bc/d9/d9f321637b8034b5028fa5fe7d1085ffa9351fea350af6510d5cb924c014/cython-3.2.0-cp39-abi3-musllinux_1_2_aarch64.whl", hash = "sha256:861258ac3878b76c57b9b5a379787d772a0bc47fec9167b43986777de542c474", size = 2987155, upload-time = "2025-11-05T13:36:15.018Z" },
    { url = "https://files.pythonhosted.org/packages/f8/b5/9f9e7d261f083b4066d734b27a7872b0c584fd4c3578196652dbf72b3f62/cython-3.2.0-cp39-abi3-musllinux_1_2_armv7l.whl", hash = "sha256:85dbf955e3193893d0288105afa0fa5f4e835ff587061681f240a4f0487c44fb", size = 2884219, upload-time = "2025-11-05T13:36:17.334Z" },
    { url = "https://files.pythonhosted.org/packages/88/64/5aeb6e43e0ded9efedc5a516f87a487fdca8e434491cc352e5a805380459/cython-3.2.0-cp39-abi3-musllinux_1_2_i686.whl", hash = "sha256:3b3f13822526726bac43275c0e92916bbcc2c30e9f559edc4c1132670b70498d", size = 3218067, upload-time = "2025-11-05T13:36:19.493Z" },
    { url = "https://files.pythonhosted.org/packages/c4/a0/1958f54cd79d8251a330b9c9652b2a5ceba6a3fcec10782dd03e2a23c74f/cython-3.2.0-cp39-abi3-musllinux_1_2_x86_64.whl", hash = "sha256:ab18d09673d219008be5b6174bcbb6dbfd50904e66371f104a8a4698b791472d", size = 3108277, upload-time = "2025-11-05T13:36:21.203Z" },
    { url = "https://files.pythonhosted.org/packages/9c/84/9b8112160cab922b97edef00616ed18771567d88b5ba9d30d1736880c345/cython-3.2.0-cp39-abi3-win32.whl", hash = "sha256:c9fd986413fc52929b916187630a9abab9f876299951488c4b905ad5346afee6", size = 2430852, upload-time = "2025-11-05T13:36:23.049Z" },
    { url = "https://files.pythonhosted.org/packages/8f/57/65d3de140b51c45dd6892846bfabdfaaa032e2418f1cb1a2f46058c1fe42/cython-3.2.0-cp39-abi3-win_arm64.whl", hash = "sha256:ee2ea79ddeb721f912e7efea039b9db059c81767ff04fbf9a995f64e1187df99", size = 2435793, upload-time = "2025-11-05T13:36:25.139Z" },
    { url = "https://files.pythonhosted.org/packages/20/58/1f798ddb7fe6bfddf85f4f97d2d4ad63a491a7b643e85c1e274d0f09138e/cython-3.2.0-py3-none-any.whl", hash = "sha256:73f7f4c75acde5b5b4df05b11fdc2705ec637b99241d1bc2f4ebf345f7a2ea90", size = 1252818, upload-time = "2025-11-05T13:35:00.391Z" },
]

[[package]]
name = "cython-test"
version = "0.1.0"
source = { virtual = "." }
dependencies = [
    { name = "cython" },
]

[package.metadata]
requires-dist = [{ name = "cython", specifier = ">=3.2.0" }]
